
Microsoft Visual Studio Solution File, Format Version 12.00
# Visual Studio Version 17
VisualStudioVersion = 17.0.31903.59
MinimumVisualStudioVersion = 10.0.40219.1
Project("{FAE04EC0-301F-11D3-BF4B-00C04F79EFBC}") = "AeronSBE.API", "AeronSBE.API\AeronSBE.API.csproj", "{0145BF9D-9D53-4509-BA58-73804ED65B63}"
EndProject
Project("{FAE04EC0-301F-11D3-BF4B-00C04F79EFBC}") = "AeronSBE.Publisher", "AeronSBE.Publisher\AeronSBE.Publisher.csproj", "{138AB06B-D5E5-440C-8903-48601B3EA6E7}"
EndProject
Project("{FAE04EC0-301F-11D3-BF4B-00C04F79EFBC}") = "AeronSBE.Subscriber", "AeronSBE.Subscriber\AeronSBE.Subscriber.csproj", "{085317D8-80BD-4D98-BFA3-00F76271F06F}"
EndProject
Global
	GlobalSection(SolutionConfigurationPlatforms) = preSolution
		Debug|Any CPU = Debug|Any CPU
		Release|Any CPU = Release|Any CPU
	EndGlobalSection
	GlobalSection(SolutionProperties) = preSolution
		HideSolutionNode = FALSE
	EndGlobalSection
	GlobalSection(ProjectConfigurationPlatforms) = postSolution
		{0145BF9D-9D53-4509-BA58-73804ED65B63}.Debug|Any CPU.ActiveCfg = Debug|Any CPU
		{0145BF9D-9D53-4509-BA58-73804ED65B63}.Debug|Any CPU.Build.0 = Debug|Any CPU
		{0145BF9D-9D53-4509-BA58-73804ED65B63}.Release|Any CPU.ActiveCfg = Release|Any CPU
		{0145BF9D-9D53-4509-BA58-73804ED65B63}.Release|Any CPU.Build.0 = Release|Any CPU
		{138AB06B-D5E5-440C-8903-48601B3EA6E7}.Debug|Any CPU.ActiveCfg = Debug|Any CPU
		{138AB06B-D5E5-440C-8903-48601B3EA6E7}.Debug|Any CPU.Build.0 = Debug|Any CPU
		{138AB06B-D5E5-440C-8903-48601B3EA6E7}.Release|Any CPU.ActiveCfg = Release|Any CPU
		{138AB06B-D5E5-440C-8903-48601B3EA6E7}.Release|Any CPU.Build.0 = Release|Any CPU
		{085317D8-80BD-4D98-BFA3-00F76271F06F}.Debug|Any CPU.ActiveCfg = Debug|Any CPU
		{085317D8-80BD-4D98-BFA3-00F76271F06F}.Debug|Any CPU.Build.0 = Debug|Any CPU
		{085317D8-80BD-4D98-BFA3-00F76271F06F}.Release|Any CPU.ActiveCfg = Release|Any CPU
		{085317D8-80BD-4D98-BFA3-00F76271F06F}.Release|Any CPU.Build.0 = Release|Any CPU
	EndGlobalSection
EndGlobal
